
Microsoft Visual Studio Solution File, Format Version 12.00
# Visual Studio Version 16
VisualStudioVersion = 16.0.28917.181
MinimumVisualStudioVersion = 10.0.40219.1
Project("{9A19103F-16F7-4668-BE54-9A1E7A4F7556}") = "SimpleMusicStore.Api", "SimpleMusicStore.Api\SimpleMusicStore.Api.csproj", "{DAFDDC6B-862B-438D-9B20-6720E59050B0}"
EndProject
Project("{2150E333-8FDC-42A3-9474-1A3956D46DE8}") = "SimpleMusicStore.Libraries", "SimpleMusicStore.Libraries", "{E56DC430-6C2F-4AC6-9511-CB598E5BEBDB}"
EndProject
Project("{2150E333-8FDC-42A3-9474-1A3956D46DE8}") = "SimpleMusicStore.Microservices", "SimpleMusicStore.Microservices", "{B04C6C1B-C252-4AFB-8E8C-B8C486515B42}"
EndProject
Project("{9A19103F-16F7-4668-BE54-9A1E7A4F7556}") = "SimpleMusicStore.JwtAuthConfiguration", "SimpleMusicStore.Libraries\SimpleMusicStore.JwtAuthConfiguration\SimpleMusicStore.JwtAuthConfiguration.csproj", "{3AFB1B94-ADAF-4719-83BD-7F386BFD69A3}"
EndProject
Project("{9A19103F-16F7-4668-BE54-9A1E7A4F7556}") = "SimpleMusicStore.Models", "SimpleMusicStore.Libraries\SimpleMusicStore.Models\SimpleMusicStore.Models.csproj", "{CC6EC0FD-2C9B-4815-B9AA-1DACA9397A3D}"
EndProject
Project("{9A19103F-16F7-4668-BE54-9A1E7A4F7556}") = "SimpleMusicStore.Contracts", "SimpleMusicStore.Libraries\SimpleMusicStore.Contracts\SimpleMusicStore.Contracts.csproj", "{22D2272A-0D53-47F0-A5B6-C9BFA97A9CA8}"
EndProject
Project("{2150E333-8FDC-42A3-9474-1A3956D46DE8}") = "SimpleMusicStore.DAL", "SimpleMusicStore.DAL", "{2A92D334-5E92-4F26-8942-3B339C9DAE77}"
EndProject
Project("{9A19103F-16F7-4668-BE54-9A1E7A4F7556}") = "SimpleMusicStore.Repositories", "SimpleMusicStore.DAL\SimpleMusicStore.Repositories\SimpleMusicStore.Repositories.csproj", "{E22B9FC9-3573-4796-B228-915645B309B3}"
EndProject
Project("{9A19103F-16F7-4668-BE54-9A1E7A4F7556}") = "SimpleMusicStore.Data", "SimpleMusicStore.DAL\SimpleMusicStore.Data\SimpleMusicStore.Data.csproj", "{A8FAD53C-1179-426F-A78F-1764FE66E626}"
EndProject
Project("{9A19103F-16F7-4668-BE54-9A1E7A4F7556}") = "SimpleMusicStore.Entities", "SimpleMusicStore.DAL\SimpleMusicStore.Entities\SimpleMusicStore.Entities.csproj", "{DAE71463-436F-4B54-AFC9-FD18A43B77B2}"
EndProject
Project("{9A19103F-16F7-4668-BE54-9A1E7A4F7556}") = "SimpleMusicStore.Constants", "SimpleMusicStore.Libraries\SimpleMusicStore.Constants\SimpleMusicStore.Constants.csproj", "{83B560AD-A7D5-44C3-A627-D241059B5FC1}"
EndProject
Project("{9A19103F-16F7-4668-BE54-9A1E7A4F7556}") = "SimpleMusicStore.UserActivities", "SimpleMusicStore.Microservices\SimpleMusicStore.UserActivities\SimpleMusicStore.UserActivities.csproj", "{66D56610-DF0A-4BBE-B4F4-6F7029CD83C6}"
EndProject
Project("{9A19103F-16F7-4668-BE54-9A1E7A4F7556}") = "SimpleMusicStore.Extensions", "SimpleMusicStore.Libraries\SimpleMusicStore.Extensions\SimpleMusicStore.Extensions.csproj", "{5C35BE10-FA55-4014-A3A0-C1C1EEC6329A}"
EndProject
Project("{9A19103F-16F7-4668-BE54-9A1E7A4F7556}") = "SimpleMusicStore.ModelValidations", "SimpleMusicStore.Libraries\SimpleMusicStore.ModelValidations\SimpleMusicStore.ModelValidations.csproj", "{6169B9AC-6E5D-4F8A-8626-8CD4604DB893}"
EndProject
Project("{9A19103F-16F7-4668-BE54-9A1E7A4F7556}") = "SimpleMusicStore.Sorting", "SimpleMusicStore.Libraries\SimpleMusicStore.Sorting\SimpleMusicStore.Sorting.csproj", "{4915D086-C1A7-4308-8527-83225F8A2B78}"
EndProject
Project("{9A19103F-16F7-4668-BE54-9A1E7A4F7556}") = "SimpleMusicStore.Auth", "SimpleMusicStore.Microservices\SimpleMusicStore.Auth\SimpleMusicStore.Auth.csproj", "{7BF25A73-ABA1-4C81-809B-10FFBFB11085}"
EndProject
Project("{FAE04EC0-301F-11D3-BF4B-00C04F79EFBC}") = "SimpleMusicStore.User.Data", "SimpleMusicStore.DAL\SimpleMusicStore.User.Data\SimpleMusicStore.User.Data.csproj", "{788F53E2-7A20-4A7E-A1CE-67DF543C1C78}"
EndProject
Global
	GlobalSection(SolutionConfigurationPlatforms) = preSolution
		Debug|Any CPU = Debug|Any CPU
		Release|Any CPU = Release|Any CPU
	EndGlobalSection
	GlobalSection(ProjectConfigurationPlatforms) = postSolution
		{DAFDDC6B-862B-438D-9B20-6720E59050B0}.Debug|Any CPU.ActiveCfg = Debug|Any CPU
		{DAFDDC6B-862B-438D-9B20-6720E59050B0}.Debug|Any CPU.Build.0 = Debug|Any CPU
		{DAFDDC6B-862B-438D-9B20-6720E59050B0}.Release|Any CPU.ActiveCfg = Release|Any CPU
		{DAFDDC6B-862B-438D-9B20-6720E59050B0}.Release|Any CPU.Build.0 = Release|Any CPU
		{3AFB1B94-ADAF-4719-83BD-7F386BFD69A3}.Debug|Any CPU.ActiveCfg = Debug|Any CPU
		{3AFB1B94-ADAF-4719-83BD-7F386BFD69A3}.Debug|Any CPU.Build.0 = Debug|Any CPU
		{3AFB1B94-ADAF-4719-83BD-7F386BFD69A3}.Release|Any CPU.ActiveCfg = Release|Any CPU
		{3AFB1B94-ADAF-4719-83BD-7F386BFD69A3}.Release|Any CPU.Build.0 = Release|Any CPU
		{CC6EC0FD-2C9B-4815-B9AA-1DACA9397A3D}.Debug|Any CPU.ActiveCfg = Debug|Any CPU
		{CC6EC0FD-2C9B-4815-B9AA-1DACA9397A3D}.Debug|Any CPU.Build.0 = Debug|Any CPU
		{CC6EC0FD-2C9B-4815-B9AA-1DACA9397A3D}.Release|Any CPU.ActiveCfg = Release|Any CPU
		{CC6EC0FD-2C9B-4815-B9AA-1DACA9397A3D}.Release|Any CPU.Build.0 = Release|Any CPU
		{22D2272A-0D53-47F0-A5B6-C9BFA97A9CA8}.Debug|Any CPU.ActiveCfg = Debug|Any CPU
		{22D2272A-0D53-47F0-A5B6-C9BFA97A9CA8}.Debug|Any CPU.Build.0 = Debug|Any CPU
		{22D2272A-0D53-47F0-A5B6-C9BFA97A9CA8}.Release|Any CPU.ActiveCfg = Release|Any CPU
		{22D2272A-0D53-47F0-A5B6-C9BFA97A9CA8}.Release|Any CPU.Build.0 = Release|Any CPU
		{E22B9FC9-3573-4796-B228-915645B309B3}.Debug|Any CPU.ActiveCfg = Debug|Any CPU
		{E22B9FC9-3573-4796-B228-915645B309B3}.Debug|Any CPU.Build.0 = Debug|Any CPU
		{E22B9FC9-3573-4796-B228-915645B309B3}.Release|Any CPU.ActiveCfg = Release|Any CPU
		{E22B9FC9-3573-4796-B228-915645B309B3}.Release|Any CPU.Build.0 = Release|Any CPU
		{A8FAD53C-1179-426F-A78F-1764FE66E626}.Debug|Any CPU.ActiveCfg = Debug|Any CPU
		{A8FAD53C-1179-426F-A78F-1764FE66E626}.Debug|Any CPU.Build.0 = Debug|Any CPU
		{A8FAD53C-1179-426F-A78F-1764FE66E626}.Release|Any CPU.ActiveCfg = Release|Any CPU
		{A8FAD53C-1179-426F-A78F-1764FE66E626}.Release|Any CPU.Build.0 = Release|Any CPU
		{DAE71463-436F-4B54-AFC9-FD18A43B77B2}.Debug|Any CPU.ActiveCfg = Debug|Any CPU
		{DAE71463-436F-4B54-AFC9-FD18A43B77B2}.Debug|Any CPU.Build.0 = Debug|Any CPU
		{DAE71463-436F-4B54-AFC9-FD18A43B77B2}.Release|Any CPU.ActiveCfg = Release|Any CPU
		{DAE71463-436F-4B54-AFC9-FD18A43B77B2}.Release|Any CPU.Build.0 = Release|Any CPU
		{83B560AD-A7D5-44C3-A627-D241059B5FC1}.Debug|Any CPU.ActiveCfg = Debug|Any CPU
		{83B560AD-A7D5-44C3-A627-D241059B5FC1}.Debug|Any CPU.Build.0 = Debug|Any CPU
		{83B560AD-A7D5-44C3-A627-D241059B5FC1}.Release|Any CPU.ActiveCfg = Release|Any CPU
		{83B560AD-A7D5-44C3-A627-D241059B5FC1}.Release|Any CPU.Build.0 = Release|Any CPU
		{66D56610-DF0A-4BBE-B4F4-6F7029CD83C6}.Debug|Any CPU.ActiveCfg = Debug|Any CPU
		{66D56610-DF0A-4BBE-B4F4-6F7029CD83C6}.Debug|Any CPU.Build.0 = Debug|Any CPU
		{66D56610-DF0A-4BBE-B4F4-6F7029CD83C6}.Release|Any CPU.ActiveCfg = Release|Any CPU
		{66D56610-DF0A-4BBE-B4F4-6F7029CD83C6}.Release|Any CPU.Build.0 = Release|Any CPU
		{5C35BE10-FA55-4014-A3A0-C1C1EEC6329A}.Debug|Any CPU.ActiveCfg = Debug|Any CPU
		{5C35BE10-FA55-4014-A3A0-C1C1EEC6329A}.Debug|Any CPU.Build.0 = Debug|Any CPU
		{5C35BE10-FA55-4014-A3A0-C1C1EEC6329A}.Release|Any CPU.ActiveCfg = Release|Any CPU
		{5C35BE10-FA55-4014-A3A0-C1C1EEC6329A}.Release|Any CPU.Build.0 = Release|Any CPU
		{6169B9AC-6E5D-4F8A-8626-8CD4604DB893}.Debug|Any CPU.ActiveCfg = Debug|Any CPU
		{6169B9AC-6E5D-4F8A-8626-8CD4604DB893}.Debug|Any CPU.Build.0 = Debug|Any CPU
		{6169B9AC-6E5D-4F8A-8626-8CD4604DB893}.Release|Any CPU.ActiveCfg = Release|Any CPU
		{6169B9AC-6E5D-4F8A-8626-8CD4604DB893}.Release|Any CPU.Build.0 = Release|Any CPU
		{4915D086-C1A7-4308-8527-83225F8A2B78}.Debug|Any CPU.ActiveCfg = Debug|Any CPU
		{4915D086-C1A7-4308-8527-83225F8A2B78}.Debug|Any CPU.Build.0 = Debug|Any CPU
		{4915D086-C1A7-4308-8527-83225F8A2B78}.Release|Any CPU.ActiveCfg = Release|Any CPU
		{4915D086-C1A7-4308-8527-83225F8A2B78}.Release|Any CPU.Build.0 = Release|Any CPU
		{7BF25A73-ABA1-4C81-809B-10FFBFB11085}.Debug|Any CPU.ActiveCfg = Debug|Any CPU
		{7BF25A73-ABA1-4C81-809B-10FFBFB11085}.Debug|Any CPU.Build.0 = Debug|Any CPU
		{7BF25A73-ABA1-4C81-809B-10FFBFB11085}.Release|Any CPU.ActiveCfg = Release|Any CPU
		{7BF25A73-ABA1-4C81-809B-10FFBFB11085}.Release|Any CPU.Build.0 = Release|Any CPU
		{788F53E2-7A20-4A7E-A1CE-67DF543C1C78}.Debug|Any CPU.ActiveCfg = Debug|Any CPU
		{788F53E2-7A20-4A7E-A1CE-67DF543C1C78}.Debug|Any CPU.Build.0 = Debug|Any CPU
		{788F53E2-7A20-4A7E-A1CE-67DF543C1C78}.Release|Any CPU.ActiveCfg = Release|Any CPU
		{788F53E2-7A20-4A7E-A1CE-67DF543C1C78}.Release|Any CPU.Build.0 = Release|Any CPU
	EndGlobalSection
	GlobalSection(SolutionProperties) = preSolution
		HideSolutionNode = FALSE
	EndGlobalSection
	GlobalSection(NestedProjects) = preSolution
		{3AFB1B94-ADAF-4719-83BD-7F386BFD69A3} = {E56DC430-6C2F-4AC6-9511-CB598E5BEBDB}
		{CC6EC0FD-2C9B-4815-B9AA-1DACA9397A3D} = {E56DC430-6C2F-4AC6-9511-CB598E5BEBDB}
		{22D2272A-0D53-47F0-A5B6-C9BFA97A9CA8} = {E56DC430-6C2F-4AC6-9511-CB598E5BEBDB}
		{E22B9FC9-3573-4796-B228-915645B309B3} = {2A92D334-5E92-4F26-8942-3B339C9DAE77}
		{A8FAD53C-1179-426F-A78F-1764FE66E626} = {2A92D334-5E92-4F26-8942-3B339C9DAE77}
		{DAE71463-436F-4B54-AFC9-FD18A43B77B2} = {2A92D334-5E92-4F26-8942-3B339C9DAE77}
		{83B560AD-A7D5-44C3-A627-D241059B5FC1} = {E56DC430-6C2F-4AC6-9511-CB598E5BEBDB}
		{66D56610-DF0A-4BBE-B4F4-6F7029CD83C6} = {B04C6C1B-C252-4AFB-8E8C-B8C486515B42}
		{5C35BE10-FA55-4014-A3A0-C1C1EEC6329A} = {E56DC430-6C2F-4AC6-9511-CB598E5BEBDB}
		{6169B9AC-6E5D-4F8A-8626-8CD4604DB893} = {E56DC430-6C2F-4AC6-9511-CB598E5BEBDB}
		{4915D086-C1A7-4308-8527-83225F8A2B78} = {E56DC430-6C2F-4AC6-9511-CB598E5BEBDB}
		{7BF25A73-ABA1-4C81-809B-10FFBFB11085} = {B04C6C1B-C252-4AFB-8E8C-B8C486515B42}
		{788F53E2-7A20-4A7E-A1CE-67DF543C1C78} = {2A92D334-5E92-4F26-8942-3B339C9DAE77}
	EndGlobalSection
	GlobalSection(ExtensibilityGlobals) = postSolution
		SolutionGuid = {CFEFBA5E-B8B3-453B-8DAE-D12C5872773C}
	EndGlobalSection
EndGlobal
